// !$*UTF8*$!
{
	archiveVersion = 1;
	classes = {
	};
	objectVersion = 56;
	objects = {

/* Begin PBXBuildFile section */
		15464D842C22A0E000209273 /* ChatSetup.swift in Sources */ = {isa = PBXBuildFile; fileRef = 15464D832C22A0E000209273 /* ChatSetup.swift */; };
		15464D862C22A1A800209273 /* ChatViewModel.swift in Sources */ = {isa = PBXBuildFile; fileRef = 15464D852C22A1A700209273 /* ChatViewModel.swift */; };
		15464D902C22ACB400209273 /* CommunicationView.swift in Sources */ = {isa = PBXBuildFile; fileRef = 15464D8F2C22ACB400209273 /* CommunicationView.swift */; };
		15464D922C22ACC100209273 /* RelationShipBuildingView.swift in Sources */ = {isa = PBXBuildFile; fileRef = 15464D912C22ACC100209273 /* RelationShipBuildingView.swift */; };
		15464D942C22ACCF00209273 /* ConflictResolutionView.swift in Sources */ = {isa = PBXBuildFile; fileRef = 15464D932C22ACCF00209273 /* ConflictResolutionView.swift */; };
		15464D962C22ACDB00209273 /* EmpathyView.swift in Sources */ = {isa = PBXBuildFile; fileRef = 15464D952C22ACDB00209273 /* EmpathyView.swift */; };
		15DD84EA2C20070B0085ACE6 /* blossomApp.swift in Sources */ = {isa = PBXBuildFile; fileRef = 15DD84E92C20070B0085ACE6 /* blossomApp.swift */; };
		15DD84EC2C20070B0085ACE6 /* ContentView.swift in Sources */ = {isa = PBXBuildFile; fileRef = 15DD84EB2C20070B0085ACE6 /* ContentView.swift */; };
		15DD84EE2C20070D0085ACE6 /* Assets.xcassets in Resources */ = {isa = PBXBuildFile; fileRef = 15DD84ED2C20070D0085ACE6 /* Assets.xcassets */; };
		15DD84F12C20070D0085ACE6 /* Preview Assets.xcassets in Resources */ = {isa = PBXBuildFile; fileRef = 15DD84F02C20070D0085ACE6 /* Preview Assets.xcassets */; };
		15DD84FB2C20070D0085ACE6 /* blossomTests.swift in Sources */ = {isa = PBXBuildFile; fileRef = 15DD84FA2C20070D0085ACE6 /* blossomTests.swift */; };
		15DD85052C20070D0085ACE6 /* blossomUITests.swift in Sources */ = {isa = PBXBuildFile; fileRef = 15DD85042C20070D0085ACE6 /* blossomUITests.swift */; };
		15DD85072C20070D0085ACE6 /* blossomUITestsLaunchTests.swift in Sources */ = {isa = PBXBuildFile; fileRef = 15DD85062C20070D0085ACE6 /* blossomUITestsLaunchTests.swift */; };
		15DD85142C20071D0085ACE6 /* GoogleService-Info.plist in Resources */ = {isa = PBXBuildFile; fileRef = 15DD85132C20071D0085ACE6 /* GoogleService-Info.plist */; };
		15DD85172C2007830085ACE6 /* FirebaseAnalytics in Frameworks */ = {isa = PBXBuildFile; productRef = 15DD85162C2007830085ACE6 /* FirebaseAnalytics */; };
		15DD85192C2007830085ACE6 /* FirebaseAnalyticsSwift in Frameworks */ = {isa = PBXBuildFile; productRef = 15DD85182C2007830085ACE6 /* FirebaseAnalyticsSwift */; };
		15DD851B2C2007830085ACE6 /* FirebaseAuth in Frameworks */ = {isa = PBXBuildFile; productRef = 15DD851A2C2007830085ACE6 /* FirebaseAuth */; };
		15DD851D2C2007830085ACE6 /* FirebaseDatabase in Frameworks */ = {isa = PBXBuildFile; productRef = 15DD851C2C2007830085ACE6 /* FirebaseDatabase */; };
		15DD85202C2008960085ACE6 /* AuthenticationView.swift in Sources */ = {isa = PBXBuildFile; fileRef = 15DD851F2C2008960085ACE6 /* AuthenticationView.swift */; };
		15DD85222C2009BD0085ACE6 /* SignInEmailView.swift in Sources */ = {isa = PBXBuildFile; fileRef = 15DD85212C2009BD0085ACE6 /* SignInEmailView.swift */; };
		15DD85242C200B6C0085ACE6 /* AuthenticationManager.swift in Sources */ = {isa = PBXBuildFile; fileRef = 15DD85232C200B6C0085ACE6 /* AuthenticationManager.swift */; };
		15DD85262C200F7B0085ACE6 /* RootView.swift in Sources */ = {isa = PBXBuildFile; fileRef = 15DD85252C200F7B0085ACE6 /* RootView.swift */; };
		15DD85282C2011480085ACE6 /* SettingsView.swift in Sources */ = {isa = PBXBuildFile; fileRef = 15DD85272C2011480085ACE6 /* SettingsView.swift */; };
		15DD852B2C20CD180085ACE6 /* CatalogMain.swift in Sources */ = {isa = PBXBuildFile; fileRef = 15DD852A2C20CD180085ACE6 /* CatalogMain.swift */; };
		15DD852D2C20D0870085ACE6 /* Mindfulness.swift in Sources */ = {isa = PBXBuildFile; fileRef = 15DD852C2C20D0870085ACE6 /* Mindfulness.swift */; };
		15DD852F2C20D3650085ACE6 /* Interpersonal.swift in Sources */ = {isa = PBXBuildFile; fileRef = 15DD852E2C20D3650085ACE6 /* Interpersonal.swift */; };
		15DD85312C20D3710085ACE6 /* EmotionRegulation.swift in Sources */ = {isa = PBXBuildFile; fileRef = 15DD85302C20D3710085ACE6 /* EmotionRegulation.swift */; };
		15DD85332C20D37D0085ACE6 /* SelfSoothing.swift in Sources */ = {isa = PBXBuildFile; fileRef = 15DD85322C20D37D0085ACE6 /* SelfSoothing.swift */; };
		15DD85352C20D3870085ACE6 /* ProblemSolving.swift in Sources */ = {isa = PBXBuildFile; fileRef = 15DD85342C20D3870085ACE6 /* ProblemSolving.swift */; };
		15DD85372C20D3900085ACE6 /* Existential.swift in Sources */ = {isa = PBXBuildFile; fileRef = 15DD85362C20D3900085ACE6 /* Existential.swift */; };
		15DD853A2C20D5810085ACE6 /* WiseMindView.swift in Sources */ = {isa = PBXBuildFile; fileRef = 15DD85392C20D5810085ACE6 /* WiseMindView.swift */; };
		15DD853C2C20D5890085ACE6 /* HowView.swift in Sources */ = {isa = PBXBuildFile; fileRef = 15DD853B2C20D5890085ACE6 /* HowView.swift */; };
		15DD853E2C20D5920085ACE6 /* WhatView.swift in Sources */ = {isa = PBXBuildFile; fileRef = 15DD853D2C20D5920085ACE6 /* WhatView.swift */; };
		15DD85412C20E35D0085ACE6 /* FirebaseVertexAI-Preview in Frameworks */ = {isa = PBXBuildFile; productRef = 15DD85402C20E35D0085ACE6 /* FirebaseVertexAI-Preview */; };
		15DD85442C20E3BA0085ACE6 /* ChatView.swift in Sources */ = {isa = PBXBuildFile; fileRef = 15DD85432C20E3BA0085ACE6 /* ChatView.swift */; };
		15DD85462C20E5200085ACE6 /* FirebaseFirestore in Frameworks */ = {isa = PBXBuildFile; productRef = 15DD85452C20E5200085ACE6 /* FirebaseFirestore */; };
		15DD85482C20E5200085ACE6 /* FirebaseFirestoreSwift in Frameworks */ = {isa = PBXBuildFile; productRef = 15DD85472C20E5200085ACE6 /* FirebaseFirestoreSwift */; };
		15DD854A2C20E5A40085ACE6 /* FirebaseInAppMessagingSwift-Beta in Frameworks */ = {isa = PBXBuildFile; productRef = 15DD85492C20E5A40085ACE6 /* FirebaseInAppMessagingSwift-Beta */; };
		15DD854C2C20E5A40085ACE6 /* FirebaseMessaging in Frameworks */ = {isa = PBXBuildFile; productRef = 15DD854B2C20E5A40085ACE6 /* FirebaseMessaging */; };
		15DD854E2C20E61D0085ACE6 /* FirebaseFunctions in Frameworks */ = {isa = PBXBuildFile; productRef = 15DD854D2C20E61D0085ACE6 /* FirebaseFunctions */; };
		15DD85522C20ECC90085ACE6 /* FirebaseInAppMessaging-Beta in Frameworks */ = {isa = PBXBuildFile; productRef = 15DD85512C20ECC90085ACE6 /* FirebaseInAppMessaging-Beta */; };
		15DD85542C20ED130085ACE6 /* AppDelegate.swift in Sources */ = {isa = PBXBuildFile; fileRef = 15DD85532C20ED130085ACE6 /* AppDelegate.swift */; };
/* End PBXBuildFile section */

/* Begin PBXContainerItemProxy section */
		15DD84F72C20070D0085ACE6 /* PBXContainerItemProxy */ = {
			isa = PBXContainerItemProxy;
			containerPortal = 15DD84DE2C20070B0085ACE6 /* Project object */;
			proxyType = 1;
			remoteGlobalIDString = 15DD84E52C20070B0085ACE6;
			remoteInfo = blossom;
		};
		15DD85012C20070D0085ACE6 /* PBXContainerItemProxy */ = {
			isa = PBXContainerItemProxy;
			containerPortal = 15DD84DE2C20070B0085ACE6 /* Project object */;
			proxyType = 1;
			remoteGlobalIDString = 15DD84E52C20070B0085ACE6;
			remoteInfo = blossom;
		};
/* End PBXContainerItemProxy section */

/* Begin PBXFileReference section */
		15464D832C22A0E000209273 /* ChatSetup.swift */ = {isa = PBXFileReference; lastKnownFileType = sourcecode.swift; path = ChatSetup.swift; sourceTree = "<group>"; };
		15464D852C22A1A700209273 /* ChatViewModel.swift */ = {isa = PBXFileReference; lastKnownFileType = sourcecode.swift; path = ChatViewModel.swift; sourceTree = "<group>"; };
		15464D8F2C22ACB400209273 /* CommunicationView.swift */ = {isa = PBXFileReference; lastKnownFileType = sourcecode.swift; path = CommunicationView.swift; sourceTree = "<group>"; };
		15464D912C22ACC100209273 /* RelationShipBuildingView.swift */ = {isa = PBXFileReference; lastKnownFileType = sourcecode.swift; path = RelationShipBuildingView.swift; sourceTree = "<group>"; };
		15464D932C22ACCF00209273 /* ConflictResolutionView.swift */ = {isa = PBXFileReference; lastKnownFileType = sourcecode.swift; path = ConflictResolutionView.swift; sourceTree = "<group>"; };
		15464D952C22ACDB00209273 /* EmpathyView.swift */ = {isa = PBXFileReference; lastKnownFileType = sourcecode.swift; path = EmpathyView.swift; sourceTree = "<group>"; };
		15DD84E62C20070B0085ACE6 /* blossom.app */ = {isa = PBXFileReference; explicitFileType = wrapper.application; includeInIndex = 0; path = blossom.app; sourceTree = BUILT_PRODUCTS_DIR; };
		15DD84E92C20070B0085ACE6 /* blossomApp.swift */ = {isa = PBXFileReference; lastKnownFileType = sourcecode.swift; path = blossomApp.swift; sourceTree = "<group>"; };
		15DD84EB2C20070B0085ACE6 /* ContentView.swift */ = {isa = PBXFileReference; lastKnownFileType = sourcecode.swift; path = ContentView.swift; sourceTree = "<group>"; };
		15DD84ED2C20070D0085ACE6 /* Assets.xcassets */ = {isa = PBXFileReference; lastKnownFileType = folder.assetcatalog; path = Assets.xcassets; sourceTree = "<group>"; };
		15DD84F02C20070D0085ACE6 /* Preview Assets.xcassets */ = {isa = PBXFileReference; lastKnownFileType = folder.assetcatalog; path = "Preview Assets.xcassets"; sourceTree = "<group>"; };
		15DD84F62C20070D0085ACE6 /* blossomTests.xctest */ = {isa = PBXFileReference; explicitFileType = wrapper.cfbundle; includeInIndex = 0; path = blossomTests.xctest; sourceTree = BUILT_PRODUCTS_DIR; };
		15DD84FA2C20070D0085ACE6 /* blossomTests.swift */ = {isa = PBXFileReference; lastKnownFileType = sourcecode.swift; path = blossomTests.swift; sourceTree = "<group>"; };
		15DD85002C20070D0085ACE6 /* blossomUITests.xctest */ = {isa = PBXFileReference; explicitFileType = wrapper.cfbundle; includeInIndex = 0; path = blossomUITests.xctest; sourceTree = BUILT_PRODUCTS_DIR; };
		15DD85042C20070D0085ACE6 /* blossomUITests.swift */ = {isa = PBXFileReference; lastKnownFileType = sourcecode.swift; path = blossomUITests.swift; sourceTree = "<group>"; };
		15DD85062C20070D0085ACE6 /* blossomUITestsLaunchTests.swift */ = {isa = PBXFileReference; lastKnownFileType = sourcecode.swift; path = blossomUITestsLaunchTests.swift; sourceTree = "<group>"; };
		15DD85132C20071D0085ACE6 /* GoogleService-Info.plist */ = {isa = PBXFileReference; fileEncoding = 4; lastKnownFileType = text.plist.xml; name = "GoogleService-Info.plist"; path = "../../../../Downloads/GoogleService-Info.plist"; sourceTree = "<group>"; };
		15DD851F2C2008960085ACE6 /* AuthenticationView.swift */ = {isa = PBXFileReference; lastKnownFileType = sourcecode.swift; path = AuthenticationView.swift; sourceTree = "<group>"; };
		15DD85212C2009BD0085ACE6 /* SignInEmailView.swift */ = {isa = PBXFileReference; lastKnownFileType = sourcecode.swift; path = SignInEmailView.swift; sourceTree = "<group>"; };
		15DD85232C200B6C0085ACE6 /* AuthenticationManager.swift */ = {isa = PBXFileReference; lastKnownFileType = sourcecode.swift; path = AuthenticationManager.swift; sourceTree = "<group>"; };
		15DD85252C200F7B0085ACE6 /* RootView.swift */ = {isa = PBXFileReference; lastKnownFileType = sourcecode.swift; path = RootView.swift; sourceTree = "<group>"; };
		15DD85272C2011480085ACE6 /* SettingsView.swift */ = {isa = PBXFileReference; lastKnownFileType = sourcecode.swift; path = SettingsView.swift; sourceTree = "<group>"; };
		15DD852A2C20CD180085ACE6 /* CatalogMain.swift */ = {isa = PBXFileReference; lastKnownFileType = sourcecode.swift; path = CatalogMain.swift; sourceTree = "<group>"; };
		15DD852C2C20D0870085ACE6 /* Mindfulness.swift */ = {isa = PBXFileReference; lastKnownFileType = sourcecode.swift; path = Mindfulness.swift; sourceTree = "<group>"; };
		15DD852E2C20D3650085ACE6 /* Interpersonal.swift */ = {isa = PBXFileReference; lastKnownFileType = sourcecode.swift; path = Interpersonal.swift; sourceTree = "<group>"; };
		15DD85302C20D3710085ACE6 /* EmotionRegulation.swift */ = {isa = PBXFileReference; lastKnownFileType = sourcecode.swift; path = EmotionRegulation.swift; sourceTree = "<group>"; };
		15DD85322C20D37D0085ACE6 /* SelfSoothing.swift */ = {isa = PBXFileReference; lastKnownFileType = sourcecode.swift; path = SelfSoothing.swift; sourceTree = "<group>"; };
		15DD85342C20D3870085ACE6 /* ProblemSolving.swift */ = {isa = PBXFileReference; lastKnownFileType = sourcecode.swift; path = ProblemSolving.swift; sourceTree = "<group>"; };
		15DD85362C20D3900085ACE6 /* Existential.swift */ = {isa = PBXFileReference; lastKnownFileType = sourcecode.swift; path = Existential.swift; sourceTree = "<group>"; };
		15DD85392C20D5810085ACE6 /* WiseMindView.swift */ = {isa = PBXFileReference; lastKnownFileType = sourcecode.swift; path = WiseMindView.swift; sourceTree = "<group>"; };
		15DD853B2C20D5890085ACE6 /* HowView.swift */ = {isa = PBXFileReference; lastKnownFileType = sourcecode.swift; path = HowView.swift; sourceTree = "<group>"; };
		15DD853D2C20D5920085ACE6 /* WhatView.swift */ = {isa = PBXFileReference; lastKnownFileType = sourcecode.swift; path = WhatView.swift; sourceTree = "<group>"; };
		15DD85432C20E3BA0085ACE6 /* ChatView.swift */ = {isa = PBXFileReference; lastKnownFileType = sourcecode.swift; path = ChatView.swift; sourceTree = "<group>"; };
		15DD85532C20ED130085ACE6 /* AppDelegate.swift */ = {isa = PBXFileReference; lastKnownFileType = sourcecode.swift; path = AppDelegate.swift; sourceTree = "<group>"; };
/* End PBXFileReference section */

/* Begin PBXFrameworksBuildPhase section */
		15DD84E32C20070B0085ACE6 /* Frameworks */ = {
			isa = PBXFrameworksBuildPhase;
			buildActionMask = 2147483647;
			files = (
				15DD854C2C20E5A40085ACE6 /* FirebaseMessaging in Frameworks */,
				15DD85412C20E35D0085ACE6 /* FirebaseVertexAI-Preview in Frameworks */,
				15DD85192C2007830085ACE6 /* FirebaseAnalyticsSwift in Frameworks */,
				15DD854A2C20E5A40085ACE6 /* FirebaseInAppMessagingSwift-Beta in Frameworks */,
				15DD851B2C2007830085ACE6 /* FirebaseAuth in Frameworks */,
				15DD85482C20E5200085ACE6 /* FirebaseFirestoreSwift in Frameworks */,
				15DD85522C20ECC90085ACE6 /* FirebaseInAppMessaging-Beta in Frameworks */,
				15DD851D2C2007830085ACE6 /* FirebaseDatabase in Frameworks */,
				15DD854E2C20E61D0085ACE6 /* FirebaseFunctions in Frameworks */,
				15DD85172C2007830085ACE6 /* FirebaseAnalytics in Frameworks */,
				15DD85462C20E5200085ACE6 /* FirebaseFirestore in Frameworks */,
			);
			runOnlyForDeploymentPostprocessing = 0;
		};
		15DD84F32C20070D0085ACE6 /* Frameworks */ = {
			isa = PBXFrameworksBuildPhase;
			buildActionMask = 2147483647;
			files = (
			);
			runOnlyForDeploymentPostprocessing = 0;
		};
		15DD84FD2C20070D0085ACE6 /* Frameworks */ = {
			isa = PBXFrameworksBuildPhase;
			buildActionMask = 2147483647;
			files = (
			);
			runOnlyForDeploymentPostprocessing = 0;
		};
/* End PBXFrameworksBuildPhase section */

/* Begin PBXGroup section */
		15464D8E2C22ACA600209273 /* InterpersonalViews */ = {
			isa = PBXGroup;
			children = (
				15464D8F2C22ACB400209273 /* CommunicationView.swift */,
				15464D912C22ACC100209273 /* RelationShipBuildingView.swift */,
				15464D932C22ACCF00209273 /* ConflictResolutionView.swift */,
				15464D952C22ACDB00209273 /* EmpathyView.swift */,
			);
			path = InterpersonalViews;
			sourceTree = "<group>";
		};
		15DD84DD2C20070B0085ACE6 = {
			isa = PBXGroup;
			children = (
				15DD84E82C20070B0085ACE6 /* blossom */,
				15DD84F92C20070D0085ACE6 /* blossomTests */,
				15DD85032C20070D0085ACE6 /* blossomUITests */,
				15DD84E72C20070B0085ACE6 /* Products */,
				15DD853F2C20E35D0085ACE6 /* Frameworks */,
			);
			sourceTree = "<group>";
		};
		15DD84E72C20070B0085ACE6 /* Products */ = {
			isa = PBXGroup;
			children = (
				15DD84E62C20070B0085ACE6 /* blossom.app */,
				15DD84F62C20070D0085ACE6 /* blossomTests.xctest */,
				15DD85002C20070D0085ACE6 /* blossomUITests.xctest */,
			);
			name = Products;
			sourceTree = "<group>";
		};
		15DD84E82C20070B0085ACE6 /* blossom */ = {
			isa = PBXGroup;
			children = (
				15DD85422C20E3AD0085ACE6 /* Chat */,
				15DD85292C20CCFE0085ACE6 /* Catalog */,
				15DD851E2C20086D0085ACE6 /* Authentication */,
				15DD84E92C20070B0085ACE6 /* blossomApp.swift */,
				15DD84EB2C20070B0085ACE6 /* ContentView.swift */,
				15DD85132C20071D0085ACE6 /* GoogleService-Info.plist */,
				15DD84ED2C20070D0085ACE6 /* Assets.xcassets */,
				15DD84EF2C20070D0085ACE6 /* Preview Content */,
				15DD85532C20ED130085ACE6 /* AppDelegate.swift */,
			);
			path = blossom;
			sourceTree = "<group>";
		};
		15DD84EF2C20070D0085ACE6 /* Preview Content */ = {
			isa = PBXGroup;
			children = (
				15DD84F02C20070D0085ACE6 /* Preview Assets.xcassets */,
			);
			path = "Preview Content";
			sourceTree = "<group>";
		};
		15DD84F92C20070D0085ACE6 /* blossomTests */ = {
			isa = PBXGroup;
			children = (
				15DD84FA2C20070D0085ACE6 /* blossomTests.swift */,
			);
			path = blossomTests;
			sourceTree = "<group>";
		};
		15DD85032C20070D0085ACE6 /* blossomUITests */ = {
			isa = PBXGroup;
			children = (
				15DD85042C20070D0085ACE6 /* blossomUITests.swift */,
				15DD85062C20070D0085ACE6 /* blossomUITestsLaunchTests.swift */,
			);
			path = blossomUITests;
			sourceTree = "<group>";
		};
		15DD851E2C20086D0085ACE6 /* Authentication */ = {
			isa = PBXGroup;
			children = (
				15DD851F2C2008960085ACE6 /* AuthenticationView.swift */,
				15DD85212C2009BD0085ACE6 /* SignInEmailView.swift */,
				15DD85232C200B6C0085ACE6 /* AuthenticationManager.swift */,
				15DD85252C200F7B0085ACE6 /* RootView.swift */,
				15DD85272C2011480085ACE6 /* SettingsView.swift */,
			);
			path = Authentication;
			sourceTree = "<group>";
		};
		15DD85292C20CCFE0085ACE6 /* Catalog */ = {
			isa = PBXGroup;
			children = (
				15464D8E2C22ACA600209273 /* InterpersonalViews */,
				15DD852C2C20D0870085ACE6 /* Mindfulness.swift */,
				15DD85382C20D55C0085ACE6 /* MindfulnessViews */,
				15DD852A2C20CD180085ACE6 /* CatalogMain.swift */,
				15DD852E2C20D3650085ACE6 /* Interpersonal.swift */,
				15DD85302C20D3710085ACE6 /* EmotionRegulation.swift */,
				15DD85322C20D37D0085ACE6 /* SelfSoothing.swift */,
				15DD85342C20D3870085ACE6 /* ProblemSolving.swift */,
				15DD85362C20D3900085ACE6 /* Existential.swift */,
			);
			path = Catalog;
			sourceTree = "<group>";
		};
		15DD85382C20D55C0085ACE6 /* MindfulnessViews */ = {
			isa = PBXGroup;
			children = (
				15DD85392C20D5810085ACE6 /* WiseMindView.swift */,
				15DD853B2C20D5890085ACE6 /* HowView.swift */,
				15DD853D2C20D5920085ACE6 /* WhatView.swift */,
			);
			path = MindfulnessViews;
			sourceTree = "<group>";
		};
		15DD853F2C20E35D0085ACE6 /* Frameworks */ = {
			isa = PBXGroup;
			children = (
			);
			name = Frameworks;
			sourceTree = "<group>";
		};
		15DD85422C20E3AD0085ACE6 /* Chat */ = {
			isa = PBXGroup;
			children = (
				15DD85432C20E3BA0085ACE6 /* ChatView.swift */,
				15464D832C22A0E000209273 /* ChatSetup.swift */,
				15464D852C22A1A700209273 /* ChatViewModel.swift */,
			);
			path = Chat;
			sourceTree = "<group>";
		};
/* End PBXGroup section */

/* Begin PBXNativeTarget section */
		15DD84E52C20070B0085ACE6 /* blossom */ = {
			isa = PBXNativeTarget;
			buildConfigurationList = 15DD850A2C20070D0085ACE6 /* Build configuration list for PBXNativeTarget "blossom" */;
			buildPhases = (
				15DD84E22C20070B0085ACE6 /* Sources */,
				15DD84E32C20070B0085ACE6 /* Frameworks */,
				15DD84E42C20070B0085ACE6 /* Resources */,
			);
			buildRules = (
			);
			dependencies = (
			);
			name = blossom;
			packageProductDependencies = (
				15DD85162C2007830085ACE6 /* FirebaseAnalytics */,
				15DD85182C2007830085ACE6 /* FirebaseAnalyticsSwift */,
				15DD851A2C2007830085ACE6 /* FirebaseAuth */,
				15DD851C2C2007830085ACE6 /* FirebaseDatabase */,
				15DD85402C20E35D0085ACE6 /* FirebaseVertexAI-Preview */,
				15DD85452C20E5200085ACE6 /* FirebaseFirestore */,
				15DD85472C20E5200085ACE6 /* FirebaseFirestoreSwift */,
				15DD85492C20E5A40085ACE6 /* FirebaseInAppMessagingSwift-Beta */,
				15DD854B2C20E5A40085ACE6 /* FirebaseMessaging */,
				15DD854D2C20E61D0085ACE6 /* FirebaseFunctions */,
				15DD85512C20ECC90085ACE6 /* FirebaseInAppMessaging-Beta */,
			);
			productName = blossom;
			productReference = 15DD84E62C20070B0085ACE6 /* blossom.app */;
			productType = "com.apple.product-type.application";
		};
		15DD84F52C20070D0085ACE6 /* blossomTests */ = {
			isa = PBXNativeTarget;
			buildConfigurationList = 15DD850D2C20070D0085ACE6 /* Build configuration list for PBXNativeTarget "blossomTests" */;
			buildPhases = (
				15DD84F22C20070D0085ACE6 /* Sources */,
				15DD84F32C20070D0085ACE6 /* Frameworks */,
				15DD84F42C20070D0085ACE6 /* Resources */,
			);
			buildRules = (
			);
			dependencies = (
				15DD84F82C20070D0085ACE6 /* PBXTargetDependency */,
			);
			name = blossomTests;
			productName = blossomTests;
			productReference = 15DD84F62C20070D0085ACE6 /* blossomTests.xctest */;
			productType = "com.apple.product-type.bundle.unit-test";
		};
		15DD84FF2C20070D0085ACE6 /* blossomUITests */ = {
			isa = PBXNativeTarget;
			buildConfigurationList = 15DD85102C20070D0085ACE6 /* Build configuration list for PBXNativeTarget "blossomUITests" */;
			buildPhases = (
				15DD84FC2C20070D0085ACE6 /* Sources */,
				15DD84FD2C20070D0085ACE6 /* Frameworks */,
				15DD84FE2C20070D0085ACE6 /* Resources */,
			);
			buildRules = (
			);
			dependencies = (
				15DD85022C20070D0085ACE6 /* PBXTargetDependency */,
			);
			name = blossomUITests;
			productName = blossomUITests;
			productReference = 15DD85002C20070D0085ACE6 /* blossomUITests.xctest */;
			productType = "com.apple.product-type.bundle.ui-testing";
		};
/* End PBXNativeTarget section */

/* Begin PBXProject section */
		15DD84DE2C20070B0085ACE6 /* Project object */ = {
			isa = PBXProject;
			attributes = {
				BuildIndependentTargetsInParallel = 1;
				LastSwiftUpdateCheck = 1540;
				LastUpgradeCheck = 1540;
				TargetAttributes = {
					15DD84E52C20070B0085ACE6 = {
						CreatedOnToolsVersion = 15.4;
					};
					15DD84F52C20070D0085ACE6 = {
						CreatedOnToolsVersion = 15.4;
						TestTargetID = 15DD84E52C20070B0085ACE6;
					};
					15DD84FF2C20070D0085ACE6 = {
						CreatedOnToolsVersion = 15.4;
						TestTargetID = 15DD84E52C20070B0085ACE6;
					};
				};
			};
			buildConfigurationList = 15DD84E12C20070B0085ACE6 /* Build configuration list for PBXProject "blossom" */;
			compatibilityVersion = "Xcode 14.0";
			developmentRegion = en;
			hasScannedForEncodings = 0;
			knownRegions = (
				en,
				Base,
			);
			mainGroup = 15DD84DD2C20070B0085ACE6;
			packageReferences = (
				15DD85152C2007830085ACE6 /* XCRemoteSwiftPackageReference "firebase-ios-sdk" */,
			);
			productRefGroup = 15DD84E72C20070B0085ACE6 /* Products */;
			projectDirPath = "";
			projectRoot = "";
			targets = (
				15DD84E52C20070B0085ACE6 /* blossom */,
				15DD84F52C20070D0085ACE6 /* blossomTests */,
				15DD84FF2C20070D0085ACE6 /* blossomUITests */,
			);
		};
/* End PBXProject section */

/* Begin PBXResourcesBuildPhase section */
		15DD84E42C20070B0085ACE6 /* Resources */ = {
			isa = PBXResourcesBuildPhase;
			buildActionMask = 2147483647;
			files = (
				15DD84F12C20070D0085ACE6 /* Preview Assets.xcassets in Resources */,
				15DD84EE2C20070D0085ACE6 /* Assets.xcassets in Resources */,
				15DD85142C20071D0085ACE6 /* GoogleService-Info.plist in Resources */,
			);
			runOnlyForDeploymentPostprocessing = 0;
		};
		15DD84F42C20070D0085ACE6 /* Resources */ = {
			isa = PBXResourcesBuildPhase;
			buildActionMask = 2147483647;
			files = (
			);
			runOnlyForDeploymentPostprocessing = 0;
		};
		15DD84FE2C20070D0085ACE6 /* Resources */ = {
			isa = PBXResourcesBuildPhase;
			buildActionMask = 2147483647;
			files = (
			);
			runOnlyForDeploymentPostprocessing = 0;
		};
/* End PBXResourcesBuildPhase section */

/* Begin PBXSourcesBuildPhase section */
		15DD84E22C20070B0085ACE6 /* Sources */ = {
			isa = PBXSourcesBuildPhase;
			buildActionMask = 2147483647;
			files = (
				15DD85282C2011480085ACE6 /* SettingsView.swift in Sources */,
				15464D922C22ACC100209273 /* RelationShipBuildingView.swift in Sources */,
				15464D862C22A1A800209273 /* ChatViewModel.swift in Sources */,
				15DD853C2C20D5890085ACE6 /* HowView.swift in Sources */,
				15DD85542C20ED130085ACE6 /* AppDelegate.swift in Sources */,
				15DD84EC2C20070B0085ACE6 /* ContentView.swift in Sources */,
				15DD84EA2C20070B0085ACE6 /* blossomApp.swift in Sources */,
				15DD85442C20E3BA0085ACE6 /* ChatView.swift in Sources */,
				15464D902C22ACB400209273 /* CommunicationView.swift in Sources */,
				15464D962C22ACDB00209273 /* EmpathyView.swift in Sources */,
				15DD85262C200F7B0085ACE6 /* RootView.swift in Sources */,
				15464D842C22A0E000209273 /* ChatSetup.swift in Sources */,
				15DD85372C20D3900085ACE6 /* Existential.swift in Sources */,
				15DD852F2C20D3650085ACE6 /* Interpersonal.swift in Sources */,
				15DD852B2C20CD180085ACE6 /* CatalogMain.swift in Sources */,
				15DD85332C20D37D0085ACE6 /* SelfSoothing.swift in Sources */,
				15DD852D2C20D0870085ACE6 /* Mindfulness.swift in Sources */,
				15464D942C22ACCF00209273 /* ConflictResolutionView.swift in Sources */,
				15DD85352C20D3870085ACE6 /* ProblemSolving.swift in Sources */,
				15DD853A2C20D5810085ACE6 /* WiseMindView.swift in Sources */,
				15DD85312C20D3710085ACE6 /* EmotionRegulation.swift in Sources */,
				15DD85202C2008960085ACE6 /* AuthenticationView.swift in Sources */,
				15DD85242C200B6C0085ACE6 /* AuthenticationManager.swift in Sources */,
				15DD85222C2009BD0085ACE6 /* SignInEmailView.swift in Sources */,
				15DD853E2C20D5920085ACE6 /* WhatView.swift in Sources */,
			);
			runOnlyForDeploymentPostprocessing = 0;
		};
		15DD84F22C20070D0085ACE6 /* Sources */ = {
			isa = PBXSourcesBuildPhase;
			buildActionMask = 2147483647;
			files = (
				15DD84FB2C20070D0085ACE6 /* blossomTests.swift in Sources */,
			);
			runOnlyForDeploymentPostprocessing = 0;
		};
		15DD84FC2C20070D0085ACE6 /* Sources */ = {
			isa = PBXSourcesBuildPhase;
			buildActionMask = 2147483647;
			files = (
				15DD85072C20070D0085ACE6 /* blossomUITestsLaunchTests.swift in Sources */,
				15DD85052C20070D0085ACE6 /* blossomUITests.swift in Sources */,
			);
			runOnlyForDeploymentPostprocessing = 0;
		};
/* End PBXSourcesBuildPhase section */

/* Begin PBXTargetDependency section */
		15DD84F82C20070D0085ACE6 /* PBXTargetDependency */ = {
			isa = PBXTargetDependency;
			target = 15DD84E52C20070B0085ACE6 /* blossom */;
			targetProxy = 15DD84F72C20070D0085ACE6 /* PBXContainerItemProxy */;
		};
		15DD85022C20070D0085ACE6 /* PBXTargetDependency */ = {
			isa = PBXTargetDependency;
			target = 15DD84E52C20070B0085ACE6 /* blossom */;
			targetProxy = 15DD85012C20070D0085ACE6 /* PBXContainerItemProxy */;
		};
/* End PBXTargetDependency section */

/* Begin XCBuildConfiguration section */
		15DD85082C20070D0085ACE6 /* Debug */ = {
			isa = XCBuildConfiguration;
			buildSettings = {
				ALWAYS_SEARCH_USER_PATHS = NO;
				ASSETCATALOG_COMPILER_GENERATE_SWIFT_ASSET_SYMBOL_EXTENSIONS = YES;
				CLANG_ANALYZER_NONNULL = YES;
				CLANG_ANALYZER_NUMBER_OBJECT_CONVERSION = YES_AGGRESSIVE;
				CLANG_CXX_LANGUAGE_STANDARD = "gnu++20";
				CLANG_ENABLE_MODULES = YES;
				CLANG_ENABLE_OBJC_ARC = YES;
				CLANG_ENABLE_OBJC_WEAK = YES;
				CLANG_WARN_BLOCK_CAPTURE_AUTORELEASING = YES;
				CLANG_WARN_BOOL_CONVERSION = YES;
				CLANG_WARN_COMMA = YES;
				CLANG_WARN_CONSTANT_CONVERSION = YES;
				CLANG_WARN_DEPRECATED_OBJC_IMPLEMENTATIONS = YES;
				CLANG_WARN_DIRECT_OBJC_ISA_USAGE = YES_ERROR;
				CLANG_WARN_DOCUMENTATION_COMMENTS = YES;
				CLANG_WARN_EMPTY_BODY = YES;
				CLANG_WARN_ENUM_CONVERSION = YES;
				CLANG_WARN_INFINITE_RECURSION = YES;
				CLANG_WARN_INT_CONVERSION = YES;
				CLANG_WARN_NON_LITERAL_NULL_CONVERSION = YES;
				CLANG_WARN_OBJC_IMPLICIT_RETAIN_SELF = YES;
				CLANG_WARN_OBJC_LITERAL_CONVERSION = YES;
				CLANG_WARN_OBJC_ROOT_CLASS = YES_ERROR;
				CLANG_WARN_QUOTED_INCLUDE_IN_FRAMEWORK_HEADER = YES;
				CLANG_WARN_RANGE_LOOP_ANALYSIS = YES;
				CLANG_WARN_STRICT_PROTOTYPES = YES;
				CLANG_WARN_SUSPICIOUS_MOVE = YES;
				CLANG_WARN_UNGUARDED_AVAILABILITY = YES_AGGRESSIVE;
				CLANG_WARN_UNREACHABLE_CODE = YES;
				CLANG_WARN__DUPLICATE_METHOD_MATCH = YES;
				COPY_PHASE_STRIP = NO;
				DEBUG_INFORMATION_FORMAT = dwarf;
				ENABLE_STRICT_OBJC_MSGSEND = YES;
				ENABLE_TESTABILITY = YES;
				ENABLE_USER_SCRIPT_SANDBOXING = YES;
				GCC_C_LANGUAGE_STANDARD = gnu17;
				GCC_DYNAMIC_NO_PIC = NO;
				GCC_NO_COMMON_BLOCKS = YES;
				GCC_OPTIMIZATION_LEVEL = 0;
				GCC_PREPROCESSOR_DEFINITIONS = (
					"DEBUG=1",
					"$(inherited)",
				);
				GCC_WARN_64_TO_32_BIT_CONVERSION = YES;
				GCC_WARN_ABOUT_RETURN_TYPE = YES_ERROR;
				GCC_WARN_UNDECLARED_SELECTOR = YES;
				GCC_WARN_UNINITIALIZED_AUTOS = YES_AGGRESSIVE;
				GCC_WARN_UNUSED_FUNCTION = YES;
				GCC_WARN_UNUSED_VARIABLE = YES;
				IPHONEOS_DEPLOYMENT_TARGET = 17.5;
				LOCALIZATION_PREFERS_STRING_CATALOGS = YES;
				MTL_ENABLE_DEBUG_INFO = INCLUDE_SOURCE;
				MTL_FAST_MATH = YES;
				ONLY_ACTIVE_ARCH = YES;
				SDKROOT = iphoneos;
				SWIFT_ACTIVE_COMPILATION_CONDITIONS = "DEBUG $(inherited)";
				SWIFT_OPTIMIZATION_LEVEL = "-Onone";
			};
			name = Debug;
		};
		15DD85092C20070D0085ACE6 /* Release */ = {
			isa = XCBuildConfiguration;
			buildSettings = {
				ALWAYS_SEARCH_USER_PATHS = NO;
				ASSETCATALOG_COMPILER_GENERATE_SWIFT_ASSET_SYMBOL_EXTENSIONS = YES;
				CLANG_ANALYZER_NONNULL = YES;
				CLANG_ANALYZER_NUMBER_OBJECT_CONVERSION = YES_AGGRESSIVE;
				CLANG_CXX_LANGUAGE_STANDARD = "gnu++20";
				CLANG_ENABLE_MODULES = YES;
				CLANG_ENABLE_OBJC_ARC = YES;
				CLANG_ENABLE_OBJC_WEAK = YES;
				CLANG_WARN_BLOCK_CAPTURE_AUTORELEASING = YES;
				CLANG_WARN_BOOL_CONVERSION = YES;
				CLANG_WARN_COMMA = YES;
				CLANG_WARN_CONSTANT_CONVERSION = YES;
				CLANG_WARN_DEPRECATED_OBJC_IMPLEMENTATIONS = YES;
				CLANG_WARN_DIRECT_OBJC_ISA_USAGE = YES_ERROR;
				CLANG_WARN_DOCUMENTATION_COMMENTS = YES;
				CLANG_WARN_EMPTY_BODY = YES;
				CLANG_WARN_ENUM_CONVERSION = YES;
				CLANG_WARN_INFINITE_RECURSION = YES;
				CLANG_WARN_INT_CONVERSION = YES;
				CLANG_WARN_NON_LITERAL_NULL_CONVERSION = YES;
				CLANG_WARN_OBJC_IMPLICIT_RETAIN_SELF = YES;
				CLANG_WARN_OBJC_LITERAL_CONVERSION = YES;
				CLANG_WARN_OBJC_ROOT_CLASS = YES_ERROR;
				CLANG_WARN_QUOTED_INCLUDE_IN_FRAMEWORK_HEADER = YES;
				CLANG_WARN_RANGE_LOOP_ANALYSIS = YES;
				CLANG_WARN_STRICT_PROTOTYPES = YES;
				CLANG_WARN_SUSPICIOUS_MOVE = YES;
				CLANG_WARN_UNGUARDED_AVAILABILITY = YES_AGGRESSIVE;
				CLANG_WARN_UNREACHABLE_CODE = YES;
				CLANG_WARN__DUPLICATE_METHOD_MATCH = YES;
				COPY_PHASE_STRIP = NO;
				DEBUG_INFORMATION_FORMAT = "dwarf-with-dsym";
				ENABLE_NS_ASSERTIONS = NO;
				ENABLE_STRICT_OBJC_MSGSEND = YES;
				ENABLE_USER_SCRIPT_SANDBOXING = YES;
				GCC_C_LANGUAGE_STANDARD = gnu17;
				GCC_NO_COMMON_BLOCKS = YES;
				GCC_WARN_64_TO_32_BIT_CONVERSION = YES;
				GCC_WARN_ABOUT_RETURN_TYPE = YES_ERROR;
				GCC_WARN_UNDECLARED_SELECTOR = YES;
				GCC_WARN_UNINITIALIZED_AUTOS = YES_AGGRESSIVE;
				GCC_WARN_UNUSED_FUNCTION = YES;
				GCC_WARN_UNUSED_VARIABLE = YES;
				IPHONEOS_DEPLOYMENT_TARGET = 17.5;
				LOCALIZATION_PREFERS_STRING_CATALOGS = YES;
				MTL_ENABLE_DEBUG_INFO = NO;
				MTL_FAST_MATH = YES;
				SDKROOT = iphoneos;
				SWIFT_COMPILATION_MODE = wholemodule;
				VALIDATE_PRODUCT = YES;
			};
			name = Release;
		};
		15DD850B2C20070D0085ACE6 /* Debug */ = {
			isa = XCBuildConfiguration;
			buildSettings = {
				ASSETCATALOG_COMPILER_APPICON_NAME = AppIcon;
				ASSETCATALOG_COMPILER_GLOBAL_ACCENT_COLOR_NAME = AccentColor;
				CODE_SIGN_STYLE = Automatic;
				CURRENT_PROJECT_VERSION = 1;
				DEVELOPMENT_ASSET_PATHS = "\"blossom/Preview Content\"";
				DEVELOPMENT_TEAM = 8TBWTVY269;
				ENABLE_PREVIEWS = YES;
				GENERATE_INFOPLIST_FILE = YES;
				INFOPLIST_KEY_CFBundleDisplayName = blossom;
				INFOPLIST_KEY_LSApplicationCategoryType = "public.app-category.healthcare-fitness";
				INFOPLIST_KEY_UIApplicationSceneManifest_Generation = YES;
				INFOPLIST_KEY_UIApplicationSupportsIndirectInputEvents = YES;
				INFOPLIST_KEY_UILaunchScreen_Generation = YES;
				INFOPLIST_KEY_UISupportedInterfaceOrientations_iPad = "UIInterfaceOrientationPortrait UIInterfaceOrientationPortraitUpsideDown UIInterfaceOrientationLandscapeLeft UIInterfaceOrientationLandscapeRight";
				INFOPLIST_KEY_UISupportedInterfaceOrientations_iPhone = "UIInterfaceOrientationPortrait UIInterfaceOrientationLandscapeLeft UIInterfaceOrientationLandscapeRight";
				LD_RUNPATH_SEARCH_PATHS = (
					"$(inherited)",
					"@executable_path/Frameworks",
				);
				MARKETING_VERSION = 1.0;
				PRODUCT_BUNDLE_IDENTIFIER = ariaxhan.blossom;
				PRODUCT_NAME = "$(TARGET_NAME)";
				SWIFT_EMIT_LOC_STRINGS = YES;
				SWIFT_VERSION = 5.0;
				TARGETED_DEVICE_FAMILY = "1,2";
			};
			name = Debug;
		};
		15DD850C2C20070D0085ACE6 /* Release */ = {
			isa = XCBuildConfiguration;
			buildSettings = {
				ASSETCATALOG_COMPILER_APPICON_NAME = AppIcon;
				ASSETCATALOG_COMPILER_GLOBAL_ACCENT_COLOR_NAME = AccentColor;
				CODE_SIGN_STYLE = Automatic;
				CURRENT_PROJECT_VERSION = 1;
				DEVELOPMENT_ASSET_PATHS = "\"blossom/Preview Content\"";
				DEVELOPMENT_TEAM = 8TBWTVY269;
				ENABLE_PREVIEWS = YES;
				GENERATE_INFOPLIST_FILE = YES;
				INFOPLIST_KEY_CFBundleDisplayName = blossom;
				INFOPLIST_KEY_LSApplicationCategoryType = "public.app-category.healthcare-fitness";
				INFOPLIST_KEY_UIApplicationSceneManifest_Generation = YES;
				INFOPLIST_KEY_UIApplicationSupportsIndirectInputEvents = YES;
				INFOPLIST_KEY_UILaunchScreen_Generation = YES;
				INFOPLIST_KEY_UISupportedInterfaceOrientations_iPad = "UIInterfaceOrientationPortrait UIInterfaceOrientationPortraitUpsideDown UIInterfaceOrientationLandscapeLeft UIInterfaceOrientationLandscapeRight";
				INFOPLIST_KEY_UISupportedInterfaceOrientations_iPhone = "UIInterfaceOrientationPortrait UIInterfaceOrientationLandscapeLeft UIInterfaceOrientationLandscapeRight";
				LD_RUNPATH_SEARCH_PATHS = (
					"$(inherited)",
					"@executable_path/Frameworks",
				);
				MARKETING_VERSION = 1.0;
				PRODUCT_BUNDLE_IDENTIFIER = ariaxhan.blossom;
				PRODUCT_NAME = "$(TARGET_NAME)";
				SWIFT_EMIT_LOC_STRINGS = YES;
				SWIFT_VERSION = 5.0;
				TARGETED_DEVICE_FAMILY = "1,2";
			};
			name = Release;
		};
		15DD850E2C20070D0085ACE6 /* Debug */ = {
			isa = XCBuildConfiguration;
			buildSettings = {
				ALWAYS_EMBED_SWIFT_STANDARD_LIBRARIES = YES;
				BUNDLE_LOADER = "$(TEST_HOST)";
				CODE_SIGN_STYLE = Automatic;
				CURRENT_PROJECT_VERSION = 1;
				DEVELOPMENT_TEAM = 8TBWTVY269;
				GENERATE_INFOPLIST_FILE = YES;
				IPHONEOS_DEPLOYMENT_TARGET = 17.5;
				MARKETING_VERSION = 1.0;
				PRODUCT_BUNDLE_IDENTIFIER = ariaxhan.blossomTests;
				PRODUCT_NAME = "$(TARGET_NAME)";
				SWIFT_EMIT_LOC_STRINGS = NO;
				SWIFT_VERSION = 5.0;
				TARGETED_DEVICE_FAMILY = "1,2";
				TEST_HOST = "$(BUILT_PRODUCTS_DIR)/blossom.app/$(BUNDLE_EXECUTABLE_FOLDER_PATH)/blossom";
			};
			name = Debug;
		};
		15DD850F2C20070D0085ACE6 /* Release */ = {
			isa = XCBuildConfiguration;
			buildSettings = {
				ALWAYS_EMBED_SWIFT_STANDARD_LIBRARIES = YES;
				BUNDLE_LOADER = "$(TEST_HOST)";
				CODE_SIGN_STYLE = Automatic;
				CURRENT_PROJECT_VERSION = 1;
				DEVELOPMENT_TEAM = 8TBWTVY269;
				GENERATE_INFOPLIST_FILE = YES;
				IPHONEOS_DEPLOYMENT_TARGET = 17.5;
				MARKETING_VERSION = 1.0;
				PRODUCT_BUNDLE_IDENTIFIER = ariaxhan.blossomTests;
				PRODUCT_NAME = "$(TARGET_NAME)";
				SWIFT_EMIT_LOC_STRINGS = NO;
				SWIFT_VERSION = 5.0;
				TARGETED_DEVICE_FAMILY = "1,2";
				TEST_HOST = "$(BUILT_PRODUCTS_DIR)/blossom.app/$(BUNDLE_EXECUTABLE_FOLDER_PATH)/blossom";
			};
			name = Release;
		};
		15DD85112C20070D0085ACE6 /* Debug */ = {
			isa = XCBuildConfiguration;
			buildSettings = {
				ALWAYS_EMBED_SWIFT_STANDARD_LIBRARIES = YES;
				CODE_SIGN_STYLE = Automatic;
				CURRENT_PROJECT_VERSION = 1;
				DEVELOPMENT_TEAM = 8TBWTVY269;
				GENERATE_INFOPLIST_FILE = YES;
				MARKETING_VERSION = 1.0;
				PRODUCT_BUNDLE_IDENTIFIER = ariaxhan.blossomUITests;
				PRODUCT_NAME = "$(TARGET_NAME)";
				SWIFT_EMIT_LOC_STRINGS = NO;
				SWIFT_VERSION = 5.0;
				TARGETED_DEVICE_FAMILY = "1,2";
				TEST_TARGET_NAME = blossom;
			};
			name = Debug;
		};
		15DD85122C20070D0085ACE6 /* Release */ = {
			isa = XCBuildConfiguration;
			buildSettings = {
				ALWAYS_EMBED_SWIFT_STANDARD_LIBRARIES = YES;
				CODE_SIGN_STYLE = Automatic;
				CURRENT_PROJECT_VERSION = 1;
				DEVELOPMENT_TEAM = 8TBWTVY269;
				GENERATE_INFOPLIST_FILE = YES;
				MARKETING_VERSION = 1.0;
				PRODUCT_BUNDLE_IDENTIFIER = ariaxhan.blossomUITests;
				PRODUCT_NAME = "$(TARGET_NAME)";
				SWIFT_EMIT_LOC_STRINGS = NO;
				SWIFT_VERSION = 5.0;
				TARGETED_DEVICE_FAMILY = "1,2";
				TEST_TARGET_NAME = blossom;
			};
			name = Release;
		};
/* End XCBuildConfiguration section */

/* Begin XCConfigurationList section */
		15DD84E12C20070B0085ACE6 /* Build configuration list for PBXProject "blossom" */ = {
			isa = XCConfigurationList;
			buildConfigurations = (
				15DD85082C20070D0085ACE6 /* Debug */,
				15DD85092C20070D0085ACE6 /* Release */,
			);
			defaultConfigurationIsVisible = 0;
			defaultConfigurationName = Release;
		};
		15DD850A2C20070D0085ACE6 /* Build configuration list for PBXNativeTarget "blossom" */ = {
			isa = XCConfigurationList;
			buildConfigurations = (
				15DD850B2C20070D0085ACE6 /* Debug */,
				15DD850C2C20070D0085ACE6 /* Release */,
			);
			defaultConfigurationIsVisible = 0;
			defaultConfigurationName = Release;
		};
		15DD850D2C20070D0085ACE6 /* Build configuration list for PBXNativeTarget "blossomTests" */ = {
			isa = XCConfigurationList;
			buildConfigurations = (
				15DD850E2C20070D0085ACE6 /* Debug */,
				15DD850F2C20070D0085ACE6 /* Release */,
			);
			defaultConfigurationIsVisible = 0;
			defaultConfigurationName = Release;
		};
		15DD85102C20070D0085ACE6 /* Build configuration list for PBXNativeTarget "blossomUITests" */ = {
			isa = XCConfigurationList;
			buildConfigurations = (
				15DD85112C20070D0085ACE6 /* Debug */,
				15DD85122C20070D0085ACE6 /* Release */,
			);
			defaultConfigurationIsVisible = 0;
			defaultConfigurationName = Release;
		};
/* End XCConfigurationList section */

/* Begin XCRemoteSwiftPackageReference section */
		15DD85152C2007830085ACE6 /* XCRemoteSwiftPackageReference "firebase-ios-sdk" */ = {
			isa = XCRemoteSwiftPackageReference;
			repositoryURL = "https://github.com/firebase/firebase-ios-sdk";
			requirement = {
				kind = upToNextMajorVersion;
				minimumVersion = 10.27.0;
			};
		};
/* End XCRemoteSwiftPackageReference section */

/* Begin XCSwiftPackageProductDependency section */
		15DD85162C2007830085ACE6 /* FirebaseAnalytics */ = {
			isa = XCSwiftPackageProductDependency;
			package = 15DD85152C2007830085ACE6 /* XCRemoteSwiftPackageReference "firebase-ios-sdk" */;
			productName = FirebaseAnalytics;
		};
		15DD85182C2007830085ACE6 /* FirebaseAnalyticsSwift */ = {
			isa = XCSwiftPackageProductDependency;
			package = 15DD85152C2007830085ACE6 /* XCRemoteSwiftPackageReference "firebase-ios-sdk" */;
			productName = FirebaseAnalyticsSwift;
		};
		15DD851A2C2007830085ACE6 /* FirebaseAuth */ = {
			isa = XCSwiftPackageProductDependency;
			package = 15DD85152C2007830085ACE6 /* XCRemoteSwiftPackageReference "firebase-ios-sdk" */;
			productName = FirebaseAuth;
		};
		15DD851C2C2007830085ACE6 /* FirebaseDatabase */ = {
			isa = XCSwiftPackageProductDependency;
			package = 15DD85152C2007830085ACE6 /* XCRemoteSwiftPackageReference "firebase-ios-sdk" */;
			productName = FirebaseDatabase;
		};
		15DD85402C20E35D0085ACE6 /* FirebaseVertexAI-Preview */ = {
			isa = XCSwiftPackageProductDependency;
			package = 15DD85152C2007830085ACE6 /* XCRemoteSwiftPackageReference "firebase-ios-sdk" */;
			productName = "FirebaseVertexAI-Preview";
		};
		15DD85452C20E5200085ACE6 /* FirebaseFirestore */ = {
			isa = XCSwiftPackageProductDependency;
			package = 15DD85152C2007830085ACE6 /* XCRemoteSwiftPackageReference "firebase-ios-sdk" */;
			productName = FirebaseFirestore;
		};
		15DD85472C20E5200085ACE6 /* FirebaseFirestoreSwift */ = {
			isa = XCSwiftPackageProductDependency;
			package = 15DD85152C2007830085ACE6 /* XCRemoteSwiftPackageReference "firebase-ios-sdk" */;
			productName = FirebaseFirestoreSwift;
		};
		15DD85492C20E5A40085ACE6 /* FirebaseInAppMessagingSwift-Beta */ = {
			isa = XCSwiftPackageProductDependency;
			package = 15DD85152C2007830085ACE6 /* XCRemoteSwiftPackageReference "firebase-ios-sdk" */;
			productName = "FirebaseInAppMessagingSwift-Beta";
		};
		15DD854B2C20E5A40085ACE6 /* FirebaseMessaging */ = {
			isa = XCSwiftPackageProductDependency;
			package = 15DD85152C2007830085ACE6 /* XCRemoteSwiftPackageReference "firebase-ios-sdk" */;
			productName = FirebaseMessaging;
		};
		15DD854D2C20E61D0085ACE6 /* FirebaseFunctions */ = {
			isa = XCSwiftPackageProductDependency;
			package = 15DD85152C2007830085ACE6 /* XCRemoteSwiftPackageReference "firebase-ios-sdk" */;
			productName = FirebaseFunctions;
		};
		15DD85512C20ECC90085ACE6 /* FirebaseInAppMessaging-Beta */ = {
			isa = XCSwiftPackageProductDependency;
			package = 15DD85152C2007830085ACE6 /* XCRemoteSwiftPackageReference "firebase-ios-sdk" */;
			productName = "FirebaseInAppMessaging-Beta";
		};
/* End XCSwiftPackageProductDependency section */
	};
	rootObject = 15DD84DE2C20070B0085ACE6 /* Project object */;
}
