// !$*UTF8*$!
{
	archiveVersion = 1;
	classes = {
	};
	objectVersion = 56;
	objects = {

/* Begin PBXBuildFile section */
		15DD84EA2C20070B0085ACE6 /* blossomApp.swift in Sources */ = {isa = PBXBuildFile; fileRef = 15DD84E92C20070B0085ACE6 /* blossomApp.swift */; };
		15DD84EC2C20070B0085ACE6 /* ContentView.swift in Sources */ = {isa = PBXBuildFile; fileRef = 15DD84EB2C20070B0085ACE6 /* ContentView.swift */; };
		15DD84EE2C20070D0085ACE6 /* Assets.xcassets in Resources */ = {isa = PBXBuildFile; fileRef = 15DD84ED2C20070D0085ACE6 /* Assets.xcassets */; };
		15DD84F12C20070D0085ACE6 /* Preview Assets.xcassets in Resources */ = {isa = PBXBuildFile; fileRef = 15DD84F02C20070D0085ACE6 /* Preview Assets.xcassets */; };
		15DD84FB2C20070D0085ACE6 /* blossomTests.swift in Sources */ = {isa = PBXBuildFile; fileRef = 15DD84FA2C20070D0085ACE6 /* blossomTests.swift */; };
		15DD85052C20070D0085ACE6 /* blossomUITests.swift in Sources */ = {isa = PBXBuildFile; fileRef = 15DD85042C20070D0085ACE6 /* blossomUITests.swift */; };
		15DD85072C20070D0085ACE6 /* blossomUITestsLaunchTests.swift in Sources */ = {isa = PBXBuildFile; fileRef = 15DD85062C20070D0085ACE6 /* blossomUITestsLaunchTests.swift */; };
/* End PBXBuildFile section */

/* Begin PBXContainerItemProxy section */
		15DD84F72C20070D0085ACE6 /* PBXContainerItemProxy */ = {
			isa = PBXContainerItemProxy;
			containerPortal = 15DD84DE2C20070B0085ACE6 /* Project object */;
			proxyType = 1;
			remoteGlobalIDString = 15DD84E52C20070B0085ACE6;
			remoteInfo = blossom;
		};
		15DD85012C20070D0085ACE6 /* PBXContainerItemProxy */ = {
			isa = PBXContainerItemProxy;
			containerPortal = 15DD84DE2C20070B0085ACE6 /* Project object */;
			proxyType = 1;
			remoteGlobalIDString = 15DD84E52C20070B0085ACE6;
			remoteInfo = blossom;
		};
/* End PBXContainerItemProxy section */

/* Begin PBXFileReference section */
		15DD84E62C20070B0085ACE6 /* blossom.app */ = {isa = PBXFileReference; explicitFileType = wrapper.application; includeInIndex = 0; path = blossom.app; sourceTree = BUILT_PRODUCTS_DIR; };
		15DD84E92C20070B0085ACE6 /* blossomApp.swift */ = {isa = PBXFileReference; lastKnownFileType = sourcecode.swift; path = blossomApp.swift; sourceTree = "<group>"; };
		15DD84EB2C20070B0085ACE6 /* ContentView.swift */ = {isa = PBXFileReference; lastKnownFileType = sourcecode.swift; path = ContentView.swift; sourceTree = "<group>"; };
		15DD84ED2C20070D0085ACE6 /* Assets.xcassets */ = {isa = PBXFileReference; lastKnownFileType = folder.assetcatalog; path = Assets.xcassets; sourceTree = "<group>"; };
		15DD84F02C20070D0085ACE6 /* Preview Assets.xcassets */ = {isa = PBXFileReference; lastKnownFileType = folder.assetcatalog; path = "Preview Assets.xcassets"; sourceTree = "<group>"; };
		15DD84F62C20070D0085ACE6 /* blossomTests.xctest */ = {isa = PBXFileReference; explicitFileType = wrapper.cfbundle; includeInIndex = 0; path = blossomTests.xctest; sourceTree = BUILT_PRODUCTS_DIR; };
		15DD84FA2C20070D0085ACE6 /* blossomTests.swift */ = {isa = PBXFileReference; lastKnownFileType = sourcecode.swift; path = blossomTests.swift; sourceTree = "<group>"; };
		15DD85002C20070D0085ACE6 /* blossomUITests.xctest */ = {isa = PBXFileReference; explicitFileType = wrapper.cfbundle; includeInIndex = 0; path = blossomUITests.xctest; sourceTree = BUILT_PRODUCTS_DIR; };
		15DD85042C20070D0085ACE6 /* blossomUITests.swift */ = {isa = PBXFileReference; lastKnownFileType = sourcecode.swift; path = blossomUITests.swift; sourceTree = "<group>"; };
		15DD85062C20070D0085ACE6 /* blossomUITestsLaunchTests.swift */ = {isa = PBXFileReference; lastKnownFileType = sourcecode.swift; path = blossomUITestsLaunchTests.swift; sourceTree = "<group>"; };
/* End PBXFileReference section */

/* Begin PBXFrameworksBuildPhase section */
		15DD84E32C20070B0085ACE6 /* Frameworks */ = {
			isa = PBXFrameworksBuildPhase;
			buildActionMask = 2147483647;
			files = (
			);
			runOnlyForDeploymentPostprocessing = 0;
		};
		15DD84F32C20070D0085ACE6 /* Frameworks */ = {
			isa = PBXFrameworksBuildPhase;
			buildActionMask = 2147483647;
			files = (
			);
			runOnlyForDeploymentPostprocessing = 0;
		};
		15DD84FD2C20070D0085ACE6 /* Frameworks */ = {
			isa = PBXFrameworksBuildPhase;
			buildActionMask = 2147483647;
			files = (
			);
			runOnlyForDeploymentPostprocessing = 0;
		};
/* End PBXFrameworksBuildPhase section */

/* Begin PBXGroup section */
		15DD84DD2C20070B0085ACE6 = {
			isa = PBXGroup;
			children = (
				15DD84E82C20070B0085ACE6 /* blossom */,
				15DD84F92C20070D0085ACE6 /* blossomTests */,
				15DD85032C20070D0085ACE6 /* blossomUITests */,
				15DD84E72C20070B0085ACE6 /* Products */,
			);
			sourceTree = "<group>";
		};
		15DD84E72C20070B0085ACE6 /* Products */ = {
			isa = PBXGroup;
			children = (
				15DD84E62C20070B0085ACE6 /* blossom.app */,
				15DD84F62C20070D0085ACE6 /* blossomTests.xctest */,
				15DD85002C20070D0085ACE6 /* blossomUITests.xctest */,
			);
			name = Products;
			sourceTree = "<group>";
		};
		15DD84E82C20070B0085ACE6 /* blossom */ = {
			isa = PBXGroup;
			children = (
				15DD84E92C20070B0085ACE6 /* blossomApp.swift */,
				15DD84EB2C20070B0085ACE6 /* ContentView.swift */,
				15DD84ED2C20070D0085ACE6 /* Assets.xcassets */,
				15DD84EF2C20070D0085ACE6 /* Preview Content */,
			);
			path = blossom;
			sourceTree = "<group>";
		};
		15DD84EF2C20070D0085ACE6 /* Preview Content */ = {
			isa = PBXGroup;
			children = (
				15DD84F02C20070D0085ACE6 /* Preview Assets.xcassets */,
			);
			path = "Preview Content";
			sourceTree = "<group>";
		};
		15DD84F92C20070D0085ACE6 /* blossomTests */ = {
			isa = PBXGroup;
			children = (
				15DD84FA2C20070D0085ACE6 /* blossomTests.swift */,
			);
			path = blossomTests;
			sourceTree = "<group>";
		};
		15DD85032C20070D0085ACE6 /* blossomUITests */ = {
			isa = PBXGroup;
			children = (
				15DD85042C20070D0085ACE6 /* blossomUITests.swift */,
				15DD85062C20070D0085ACE6 /* blossomUITestsLaunchTests.swift */,
			);
			path = blossomUITests;
			sourceTree = "<group>";
		};
/* End PBXGroup section */

/* Begin PBXNativeTarget section */
		15DD84E52C20070B0085ACE6 /* blossom */ = {
			isa = PBXNativeTarget;
			buildConfigurationList = 15DD850A2C20070D0085ACE6 /* Build configuration list for PBXNativeTarget "blossom" */;
			buildPhases = (
				15DD84E22C20070B0085ACE6 /* Sources */,
				15DD84E32C20070B0085ACE6 /* Frameworks */,
				15DD84E42C20070B0085ACE6 /* Resources */,
			);
			buildRules = (
			);
			dependencies = (
			);
			name = blossom;
			productName = blossom;
			productReference = 15DD84E62C20070B0085ACE6 /* blossom.app */;
			productType = "com.apple.product-type.application";
		};
		15DD84F52C20070D0085ACE6 /* blossomTests */ = {
			isa = PBXNativeTarget;
			buildConfigurationList = 15DD850D2C20070D0085ACE6 /* Build configuration list for PBXNativeTarget "blossomTests" */;
			buildPhases = (
				15DD84F22C20070D0085ACE6 /* Sources */,
				15DD84F32C20070D0085ACE6 /* Frameworks */,
				15DD84F42C20070D0085ACE6 /* Resources */,
			);
			buildRules = (
			);
			dependencies = (
				15DD84F82C20070D0085ACE6 /* PBXTargetDependency */,
			);
			name = blossomTests;
			productName = blossomTests;
			productReference = 15DD84F62C20070D0085ACE6 /* blossomTests.xctest */;
			productType = "com.apple.product-type.bundle.unit-test";
		};
		15DD84FF2C20070D0085ACE6 /* blossomUITests */ = {
			isa = PBXNativeTarget;
			buildConfigurationList = 15DD85102C20070D0085ACE6 /* Build configuration list for PBXNativeTarget "blossomUITests" */;
			buildPhases = (
				15DD84FC2C20070D0085ACE6 /* Sources */,
				15DD84FD2C20070D0085ACE6 /* Frameworks */,
				15DD84FE2C20070D0085ACE6 /* Resources */,
			);
			buildRules = (
			);
			dependencies = (
				15DD85022C20070D0085ACE6 /* PBXTargetDependency */,
			);
			name = blossomUITests;
			productName = blossomUITests;
			productReference = 15DD85002C20070D0085ACE6 /* blossomUITests.xctest */;
			productType = "com.apple.product-type.bundle.ui-testing";
		};
/* End PBXNativeTarget section */

/* Begin PBXProject section */
		15DD84DE2C20070B0085ACE6 /* Project object */ = {
			isa = PBXProject;
			attributes = {
				BuildIndependentTargetsInParallel = 1;
				LastSwiftUpdateCheck = 1540;
				LastUpgradeCheck = 1540;
				TargetAttributes = {
					15DD84E52C20070B0085ACE6 = {
						CreatedOnToolsVersion = 15.4;
					};
					15DD84F52C20070D0085ACE6 = {
						CreatedOnToolsVersion = 15.4;
						TestTargetID = 15DD84E52C20070B0085ACE6;
					};
					15DD84FF2C20070D0085ACE6 = {
						CreatedOnToolsVersion = 15.4;
						TestTargetID = 15DD84E52C20070B0085ACE6;
					};
				};
			};
			buildConfigurationList = 15DD84E12C20070B0085ACE6 /* Build configuration list for PBXProject "blossom" */;
			compatibilityVersion = "Xcode 14.0";
			developmentRegion = en;
			hasScannedForEncodings = 0;
			knownRegions = (
				en,
				Base,
			);
			mainGroup = 15DD84DD2C20070B0085ACE6;
			productRefGroup = 15DD84E72C20070B0085ACE6 /* Products */;
			projectDirPath = "";
			projectRoot = "";
			targets = (
				15DD84E52C20070B0085ACE6 /* blossom */,
				15DD84F52C20070D0085ACE6 /* blossomTests */,
				15DD84FF2C20070D0085ACE6 /* blossomUITests */,
			);
		};
/* End PBXProject section */

/* Begin PBXResourcesBuildPhase section */
		15DD84E42C20070B0085ACE6 /* Resources */ = {
			isa = PBXResourcesBuildPhase;
			buildActionMask = 2147483647;
			files = (
				15DD84F12C20070D0085ACE6 /* Preview Assets.xcassets in Resources */,
				15DD84EE2C20070D0085ACE6 /* Assets.xcassets in Resources */,
			);
			runOnlyForDeploymentPostprocessing = 0;
		};
		15DD84F42C20070D0085ACE6 /* Resources */ = {
			isa = PBXResourcesBuildPhase;
			buildActionMask = 2147483647;
			files = (
			);
			runOnlyForDeploymentPostprocessing = 0;
		};
		15DD84FE2C20070D0085ACE6 /* Resources */ = {
			isa = PBXResourcesBuildPhase;
			buildActionMask = 2147483647;
			files = (
			);
			runOnlyForDeploymentPostprocessing = 0;
		};
/* End PBXResourcesBuildPhase section */

/* Begin PBXSourcesBuildPhase section */
		15DD84E22C20070B0085ACE6 /* Sources */ = {
			isa = PBXSourcesBuildPhase;
			buildActionMask = 2147483647;
			files = (
				15DD84EC2C20070B0085ACE6 /* ContentView.swift in Sources */,
				15DD84EA2C20070B0085ACE6 /* blossomApp.swift in Sources */,
			);
			runOnlyForDeploymentPostprocessing = 0;
		};
		15DD84F22C20070D0085ACE6 /* Sources */ = {
			isa = PBXSourcesBuildPhase;
			buildActionMask = 2147483647;
			files = (
				15DD84FB2C20070D0085ACE6 /* blossomTests.swift in Sources */,
			);
			runOnlyForDeploymentPostprocessing = 0;
		};
		15DD84FC2C20070D0085ACE6 /* Sources */ = {
			isa = PBXSourcesBuildPhase;
			buildActionMask = 2147483647;
			files = (
				15DD85072C20070D0085ACE6 /* blossomUITestsLaunchTests.swift in Sources */,
				15DD85052C20070D0085ACE6 /* blossomUITests.swift in Sources */,
			);
			runOnlyForDeploymentPostprocessing = 0;
		};
/* End PBXSourcesBuildPhase section */

/* Begin PBXTargetDependency section */
		15DD84F82C20070D0085ACE6 /* PBXTargetDependency */ = {
			isa = PBXTargetDependency;
			target = 15DD84E52C20070B0085ACE6 /* blossom */;
			targetProxy = 15DD84F72C20070D0085ACE6 /* PBXContainerItemProxy */;
		};
		15DD85022C20070D0085ACE6 /* PBXTargetDependency */ = {
			isa = PBXTargetDependency;
			target = 15DD84E52C20070B0085ACE6 /* blossom */;
			targetProxy = 15DD85012C20070D0085ACE6 /* PBXContainerItemProxy */;
		};
/* End PBXTargetDependency section */

/* Begin XCBuildConfiguration section */
		15DD85082C20070D0085ACE6 /* Debug */ = {
			isa = XCBuildConfiguration;
			buildSettings = {
				ALWAYS_SEARCH_USER_PATHS = NO;
				ASSETCATALOG_COMPILER_GENERATE_SWIFT_ASSET_SYMBOL_EXTENSIONS = YES;
				CLANG_ANALYZER_NONNULL = YES;
				CLANG_ANALYZER_NUMBER_OBJECT_CONVERSION = YES_AGGRESSIVE;
				CLANG_CXX_LANGUAGE_STANDARD = "gnu++20";
				CLANG_ENABLE_MODULES = YES;
				CLANG_ENABLE_OBJC_ARC = YES;
				CLANG_ENABLE_OBJC_WEAK = YES;
				CLANG_WARN_BLOCK_CAPTURE_AUTORELEASING = YES;
				CLANG_WARN_BOOL_CONVERSION = YES;
				CLANG_WARN_COMMA = YES;
				CLANG_WARN_CONSTANT_CONVERSION = YES;
				CLANG_WARN_DEPRECATED_OBJC_IMPLEMENTATIONS = YES;
				CLANG_WARN_DIRECT_OBJC_ISA_USAGE = YES_ERROR;
				CLANG_WARN_DOCUMENTATION_COMMENTS = YES;
				CLANG_WARN_EMPTY_BODY = YES;
				CLANG_WARN_ENUM_CONVERSION = YES;
				CLANG_WARN_INFINITE_RECURSION = YES;
				CLANG_WARN_INT_CONVERSION = YES;
				CLANG_WARN_NON_LITERAL_NULL_CONVERSION = YES;
				CLANG_WARN_OBJC_IMPLICIT_RETAIN_SELF = YES;
				CLANG_WARN_OBJC_LITERAL_CONVERSION = YES;
				CLANG_WARN_OBJC_ROOT_CLASS = YES_ERROR;
				CLANG_WARN_QUOTED_INCLUDE_IN_FRAMEWORK_HEADER = YES;
				CLANG_WARN_RANGE_LOOP_ANALYSIS = YES;
				CLANG_WARN_STRICT_PROTOTYPES = YES;
				CLANG_WARN_SUSPICIOUS_MOVE = YES;
				CLANG_WARN_UNGUARDED_AVAILABILITY = YES_AGGRESSIVE;
				CLANG_WARN_UNREACHABLE_CODE = YES;
				CLANG_WARN__DUPLICATE_METHOD_MATCH = YES;
				COPY_PHASE_STRIP = NO;
				DEBUG_INFORMATION_FORMAT = dwarf;
				ENABLE_STRICT_OBJC_MSGSEND = YES;
				ENABLE_TESTABILITY = YES;
				ENABLE_USER_SCRIPT_SANDBOXING = YES;
				GCC_C_LANGUAGE_STANDARD = gnu17;
				GCC_DYNAMIC_NO_PIC = NO;
				GCC_NO_COMMON_BLOCKS = YES;
				GCC_OPTIMIZATION_LEVEL = 0;
				GCC_PREPROCESSOR_DEFINITIONS = (
					"DEBUG=1",
					"$(inherited)",
				);
				GCC_WARN_64_TO_32_BIT_CONVERSION = YES;
				GCC_WARN_ABOUT_RETURN_TYPE = YES_ERROR;
				GCC_WARN_UNDECLARED_SELECTOR = YES;
				GCC_WARN_UNINITIALIZED_AUTOS = YES_AGGRESSIVE;
				GCC_WARN_UNUSED_FUNCTION = YES;
				GCC_WARN_UNUSED_VARIABLE = YES;
				IPHONEOS_DEPLOYMENT_TARGET = 17.5;
				LOCALIZATION_PREFERS_STRING_CATALOGS = YES;
				MTL_ENABLE_DEBUG_INFO = INCLUDE_SOURCE;
				MTL_FAST_MATH = YES;
				ONLY_ACTIVE_ARCH = YES;
				SDKROOT = iphoneos;
				SWIFT_ACTIVE_COMPILATION_CONDITIONS = "DEBUG $(inherited)";
				SWIFT_OPTIMIZATION_LEVEL = "-Onone";
			};
			name = Debug;
		};
		15DD85092C20070D0085ACE6 /* Release */ = {
			isa = XCBuildConfiguration;
			buildSettings = {
				ALWAYS_SEARCH_USER_PATHS = NO;
				ASSETCATALOG_COMPILER_GENERATE_SWIFT_ASSET_SYMBOL_EXTENSIONS = YES;
				CLANG_ANALYZER_NONNULL = YES;
				CLANG_ANALYZER_NUMBER_OBJECT_CONVERSION = YES_AGGRESSIVE;
				CLANG_CXX_LANGUAGE_STANDARD = "gnu++20";
				CLANG_ENABLE_MODULES = YES;
				CLANG_ENABLE_OBJC_ARC = YES;
				CLANG_ENABLE_OBJC_WEAK = YES;
				CLANG_WARN_BLOCK_CAPTURE_AUTORELEASING = YES;
				CLANG_WARN_BOOL_CONVERSION = YES;
				CLANG_WARN_COMMA = YES;
				CLANG_WARN_CONSTANT_CONVERSION = YES;
				CLANG_WARN_DEPRECATED_OBJC_IMPLEMENTATIONS = YES;
				CLANG_WARN_DIRECT_OBJC_ISA_USAGE = YES_ERROR;
				CLANG_WARN_DOCUMENTATION_COMMENTS = YES;
				CLANG_WARN_EMPTY_BODY = YES;
				CLANG_WARN_ENUM_CONVERSION = YES;
				CLANG_WARN_INFINITE_RECURSION = YES;
				CLANG_WARN_INT_CONVERSION = YES;
				CLANG_WARN_NON_LITERAL_NULL_CONVERSION = YES;
				CLANG_WARN_OBJC_IMPLICIT_RETAIN_SELF = YES;
				CLANG_WARN_OBJC_LITERAL_CONVERSION = YES;
				CLANG_WARN_OBJC_ROOT_CLASS = YES_ERROR;
				CLANG_WARN_QUOTED_INCLUDE_IN_FRAMEWORK_HEADER = YES;
				CLANG_WARN_RANGE_LOOP_ANALYSIS = YES;
				CLANG_WARN_STRICT_PROTOTYPES = YES;
				CLANG_WARN_SUSPICIOUS_MOVE = YES;
				CLANG_WARN_UNGUARDED_AVAILABILITY = YES_AGGRESSIVE;
				CLANG_WARN_UNREACHABLE_CODE = YES;
				CLANG_WARN__DUPLICATE_METHOD_MATCH = YES;
				COPY_PHASE_STRIP = NO;
				DEBUG_INFORMATION_FORMAT = "dwarf-with-dsym";
				ENABLE_NS_ASSERTIONS = NO;
				ENABLE_STRICT_OBJC_MSGSEND = YES;
				ENABLE_USER_SCRIPT_SANDBOXING = YES;
				GCC_C_LANGUAGE_STANDARD = gnu17;
				GCC_NO_COMMON_BLOCKS = YES;
				GCC_WARN_64_TO_32_BIT_CONVERSION = YES;
				GCC_WARN_ABOUT_RETURN_TYPE = YES_ERROR;
				GCC_WARN_UNDECLARED_SELECTOR = YES;
				GCC_WARN_UNINITIALIZED_AUTOS = YES_AGGRESSIVE;
				GCC_WARN_UNUSED_FUNCTION = YES;
				GCC_WARN_UNUSED_VARIABLE = YES;
				IPHONEOS_DEPLOYMENT_TARGET = 17.5;
				LOCALIZATION_PREFERS_STRING_CATALOGS = YES;
				MTL_ENABLE_DEBUG_INFO = NO;
				MTL_FAST_MATH = YES;
				SDKROOT = iphoneos;
				SWIFT_COMPILATION_MODE = wholemodule;
				VALIDATE_PRODUCT = YES;
			};
			name = Release;
		};
		15DD850B2C20070D0085ACE6 /* Debug */ = {
			isa = XCBuildConfiguration;
			buildSettings = {
				ASSETCATALOG_COMPILER_APPICON_NAME = AppIcon;
				ASSETCATALOG_COMPILER_GLOBAL_ACCENT_COLOR_NAME = AccentColor;
				CODE_SIGN_STYLE = Automatic;
				CURRENT_PROJECT_VERSION = 1;
				DEVELOPMENT_ASSET_PATHS = "\"blossom/Preview Content\"";
				DEVELOPMENT_TEAM = 8TBWTVY269;
				ENABLE_PREVIEWS = YES;
				GENERATE_INFOPLIST_FILE = YES;
				INFOPLIST_KEY_UIApplicationSceneManifest_Generation = YES;
				INFOPLIST_KEY_UIApplicationSupportsIndirectInputEvents = YES;
				INFOPLIST_KEY_UILaunchScreen_Generation = YES;
				INFOPLIST_KEY_UISupportedInterfaceOrientations_iPad = "UIInterfaceOrientationPortrait UIInterfaceOrientationPortraitUpsideDown UIInterfaceOrientationLandscapeLeft UIInterfaceOrientationLandscapeRight";
				INFOPLIST_KEY_UISupportedInterfaceOrientations_iPhone = "UIInterfaceOrientationPortrait UIInterfaceOrientationLandscapeLeft UIInterfaceOrientationLandscapeRight";
				LD_RUNPATH_SEARCH_PATHS = (
					"$(inherited)",
					"@executable_path/Frameworks",
				);
				MARKETING_VERSION = 1.0;
				PRODUCT_BUNDLE_IDENTIFIER = ariaxhan.blossom;
				PRODUCT_NAME = "$(TARGET_NAME)";
				SWIFT_EMIT_LOC_STRINGS = YES;
				SWIFT_VERSION = 5.0;
				TARGETED_DEVICE_FAMILY = "1,2";
			};
			name = Debug;
		};
		15DD850C2C20070D0085ACE6 /* Release */ = {
			isa = XCBuildConfiguration;
			buildSettings = {
				ASSETCATALOG_COMPILER_APPICON_NAME = AppIcon;
				ASSETCATALOG_COMPILER_GLOBAL_ACCENT_COLOR_NAME = AccentColor;
				CODE_SIGN_STYLE = Automatic;
				CURRENT_PROJECT_VERSION = 1;
				DEVELOPMENT_ASSET_PATHS = "\"blossom/Preview Content\"";
				DEVELOPMENT_TEAM = 8TBWTVY269;
				ENABLE_PREVIEWS = YES;
				GENERATE_INFOPLIST_FILE = YES;
				INFOPLIST_KEY_UIApplicationSceneManifest_Generation = YES;
				INFOPLIST_KEY_UIApplicationSupportsIndirectInputEvents = YES;
				INFOPLIST_KEY_UILaunchScreen_Generation = YES;
				INFOPLIST_KEY_UISupportedInterfaceOrientations_iPad = "UIInterfaceOrientationPortrait UIInterfaceOrientationPortraitUpsideDown UIInterfaceOrientationLandscapeLeft UIInterfaceOrientationLandscapeRight";
				INFOPLIST_KEY_UISupportedInterfaceOrientations_iPhone = "UIInterfaceOrientationPortrait UIInterfaceOrientationLandscapeLeft UIInterfaceOrientationLandscapeRight";
				LD_RUNPATH_SEARCH_PATHS = (
					"$(inherited)",
					"@executable_path/Frameworks",
				);
				MARKETING_VERSION = 1.0;
				PRODUCT_BUNDLE_IDENTIFIER = ariaxhan.blossom;
				PRODUCT_NAME = "$(TARGET_NAME)";
				SWIFT_EMIT_LOC_STRINGS = YES;
				SWIFT_VERSION = 5.0;
				TARGETED_DEVICE_FAMILY = "1,2";
			};
			name = Release;
		};
		15DD850E2C20070D0085ACE6 /* Debug */ = {
			isa = XCBuildConfiguration;
			buildSettings = {
				ALWAYS_EMBED_SWIFT_STANDARD_LIBRARIES = YES;
				BUNDLE_LOADER = "$(TEST_HOST)";
				CODE_SIGN_STYLE = Automatic;
				CURRENT_PROJECT_VERSION = 1;
				DEVELOPMENT_TEAM = 8TBWTVY269;
				GENERATE_INFOPLIST_FILE = YES;
				IPHONEOS_DEPLOYMENT_TARGET = 17.5;
				MARKETING_VERSION = 1.0;
				PRODUCT_BUNDLE_IDENTIFIER = ariaxhan.blossomTests;
				PRODUCT_NAME = "$(TARGET_NAME)";
				SWIFT_EMIT_LOC_STRINGS = NO;
				SWIFT_VERSION = 5.0;
				TARGETED_DEVICE_FAMILY = "1,2";
				TEST_HOST = "$(BUILT_PRODUCTS_DIR)/blossom.app/$(BUNDLE_EXECUTABLE_FOLDER_PATH)/blossom";
			};
			name = Debug;
		};
		15DD850F2C20070D0085ACE6 /* Release */ = {
			isa = XCBuildConfiguration;
			buildSettings = {
				ALWAYS_EMBED_SWIFT_STANDARD_LIBRARIES = YES;
				BUNDLE_LOADER = "$(TEST_HOST)";
				CODE_SIGN_STYLE = Automatic;
				CURRENT_PROJECT_VERSION = 1;
				DEVELOPMENT_TEAM = 8TBWTVY269;
				GENERATE_INFOPLIST_FILE = YES;
				IPHONEOS_DEPLOYMENT_TARGET = 17.5;
				MARKETING_VERSION = 1.0;
				PRODUCT_BUNDLE_IDENTIFIER = ariaxhan.blossomTests;
				PRODUCT_NAME = "$(TARGET_NAME)";
				SWIFT_EMIT_LOC_STRINGS = NO;
				SWIFT_VERSION = 5.0;
				TARGETED_DEVICE_FAMILY = "1,2";
				TEST_HOST = "$(BUILT_PRODUCTS_DIR)/blossom.app/$(BUNDLE_EXECUTABLE_FOLDER_PATH)/blossom";
			};
			name = Release;
		};
		15DD85112C20070D0085ACE6 /* Debug */ = {
			isa = XCBuildConfiguration;
			buildSettings = {
				ALWAYS_EMBED_SWIFT_STANDARD_LIBRARIES = YES;
				CODE_SIGN_STYLE = Automatic;
				CURRENT_PROJECT_VERSION = 1;
				DEVELOPMENT_TEAM = 8TBWTVY269;
				GENERATE_INFOPLIST_FILE = YES;
				MARKETING_VERSION = 1.0;
				PRODUCT_BUNDLE_IDENTIFIER = ariaxhan.blossomUITests;
				PRODUCT_NAME = "$(TARGET_NAME)";
				SWIFT_EMIT_LOC_STRINGS = NO;
				SWIFT_VERSION = 5.0;
				TARGETED_DEVICE_FAMILY = "1,2";
				TEST_TARGET_NAME = blossom;
			};
			name = Debug;
		};
		15DD85122C20070D0085ACE6 /* Release */ = {
			isa = XCBuildConfiguration;
			buildSettings = {
				ALWAYS_EMBED_SWIFT_STANDARD_LIBRARIES = YES;
				CODE_SIGN_STYLE = Automatic;
				CURRENT_PROJECT_VERSION = 1;
				DEVELOPMENT_TEAM = 8TBWTVY269;
				GENERATE_INFOPLIST_FILE = YES;
				MARKETING_VERSION = 1.0;
				PRODUCT_BUNDLE_IDENTIFIER = ariaxhan.blossomUITests;
				PRODUCT_NAME = "$(TARGET_NAME)";
				SWIFT_EMIT_LOC_STRINGS = NO;
				SWIFT_VERSION = 5.0;
				TARGETED_DEVICE_FAMILY = "1,2";
				TEST_TARGET_NAME = blossom;
			};
			name = Release;
		};
/* End XCBuildConfiguration section */

/* Begin XCConfigurationList section */
		15DD84E12C20070B0085ACE6 /* Build configuration list for PBXProject "blossom" */ = {
			isa = XCConfigurationList;
			buildConfigurations = (
				15DD85082C20070D0085ACE6 /* Debug */,
				15DD85092C20070D0085ACE6 /* Release */,
			);
			defaultConfigurationIsVisible = 0;
			defaultConfigurationName = Release;
		};
		15DD850A2C20070D0085ACE6 /* Build configuration list for PBXNativeTarget "blossom" */ = {
			isa = XCConfigurationList;
			buildConfigurations = (
				15DD850B2C20070D0085ACE6 /* Debug */,
				15DD850C2C20070D0085ACE6 /* Release */,
			);
			defaultConfigurationIsVisible = 0;
			defaultConfigurationName = Release;
		};
		15DD850D2C20070D0085ACE6 /* Build configuration list for PBXNativeTarget "blossomTests" */ = {
			isa = XCConfigurationList;
			buildConfigurations = (
				15DD850E2C20070D0085ACE6 /* Debug */,
				15DD850F2C20070D0085ACE6 /* Release */,
			);
			defaultConfigurationIsVisible = 0;
			defaultConfigurationName = Release;
		};
		15DD85102C20070D0085ACE6 /* Build configuration list for PBXNativeTarget "blossomUITests" */ = {
			isa = XCConfigurationList;
			buildConfigurations = (
				15DD85112C20070D0085ACE6 /* Debug */,
				15DD85122C20070D0085ACE6 /* Release */,
			);
			defaultConfigurationIsVisible = 0;
			defaultConfigurationName = Release;
		};
/* End XCConfigurationList section */
	};
	rootObject = 15DD84DE2C20070B0085ACE6 /* Project object */;
}
